// !$*UTF8*$!
{
	archiveVersion = 1;
	classes = {
	};
	objectVersion = 46;
	objects = {

/* Begin PBXBuildFile section */
		CE20E375137848BE00BFE4A6 /* 俄罗斯松木沙发_thumb.jpg in Resources */ = {isa = PBXBuildFile; fileRef = CE20E326137848BE00BFE4A6 /* 俄罗斯松木沙发_thumb.jpg */; };
		CE20E376137848BE00BFE4A6 /* 俄罗斯松木沙发1.jpg in Resources */ = {isa = PBXBuildFile; fileRef = CE20E327137848BE00BFE4A6 /* 俄罗斯松木沙发1.jpg */; };
		CE20E377137848BE00BFE4A6 /* 俄罗斯松木沙发2.jpg in Resources */ = {isa = PBXBuildFile; fileRef = CE20E328137848BE00BFE4A6 /* 俄罗斯松木沙发2.jpg */; };
		CE20E378137848BE00BFE4A6 /* 俄罗斯松木沙发3.jpg in Resources */ = {isa = PBXBuildFile; fileRef = CE20E329137848BE00BFE4A6 /* 俄罗斯松木沙发3.jpg */; };
		CE20E379137848BE00BFE4A6 /* 俄罗斯松木沙发4.jpg in Resources */ = {isa = PBXBuildFile; fileRef = CE20E32A137848BE00BFE4A6 /* 俄罗斯松木沙发4.jpg */; };
		CE20E37A137848BE00BFE4A6 /* 俄罗斯松木沙发5.jpg in Resources */ = {isa = PBXBuildFile; fileRef = CE20E32B137848BE00BFE4A6 /* 俄罗斯松木沙发5.jpg */; };
		CE20E37B137848BE00BFE4A6 /* 俄罗斯松木沙发6.jpg in Resources */ = {isa = PBXBuildFile; fileRef = CE20E32C137848BE00BFE4A6 /* 俄罗斯松木沙发6.jpg */; };
		CE20E37C137848BE00BFE4A6 /* 俄罗斯松木沙发7.jpg in Resources */ = {isa = PBXBuildFile; fileRef = CE20E32D137848BE00BFE4A6 /* 俄罗斯松木沙发7.jpg */; };
		CE20E37D137848BE00BFE4A6 /* 实木床_thumb.jpg in Resources */ = {isa = PBXBuildFile; fileRef = CE20E32E137848BE00BFE4A6 /* 实木床_thumb.jpg */; };
		CE20E37E137848BE00BFE4A6 /* 实木床1.jpg in Resources */ = {isa = PBXBuildFile; fileRef = CE20E32F137848BE00BFE4A6 /* 实木床1.jpg */; };
		CE20E37F137848BE00BFE4A6 /* 实木床2.jpg in Resources */ = {isa = PBXBuildFile; fileRef = CE20E330137848BE00BFE4A6 /* 实木床2.jpg */; };
		CE20E380137848BE00BFE4A6 /* 实木床3.jpg in Resources */ = {isa = PBXBuildFile; fileRef = CE20E331137848BE00BFE4A6 /* 实木床3.jpg */; };
		CE20E381137848BE00BFE4A6 /* 实木床4.jpg in Resources */ = {isa = PBXBuildFile; fileRef = CE20E332137848BE00BFE4A6 /* 实木床4.jpg */; };
		CE20E382137848BE00BFE4A6 /* 实木床5.jpg in Resources */ = {isa = PBXBuildFile; fileRef = CE20E333137848BE00BFE4A6 /* 实木床5.jpg */; };
		CE20E383137848BE00BFE4A6 /* 实木床6.jpg in Resources */ = {isa = PBXBuildFile; fileRef = CE20E334137848BE00BFE4A6 /* 实木床6.jpg */; };
		CE20E384137848BE00BFE4A6 /* 实木床7.jpg in Resources */ = {isa = PBXBuildFile; fileRef = CE20E335137848BE00BFE4A6 /* 实木床7.jpg */; };
		CE20E385137848BE00BFE4A6 /* 实木床8.jpg in Resources */ = {isa = PBXBuildFile; fileRef = CE20E336137848BE00BFE4A6 /* 实木床8.jpg */; };
		CE20E386137848BE00BFE4A6 /* 实木床9.jpg in Resources */ = {isa = PBXBuildFile; fileRef = CE20E337137848BE00BFE4A6 /* 实木床9.jpg */; };
		CE20E387137848BE00BFE4A6 /* 时尚大理石电视柜_thumb.jpg in Resources */ = {isa = PBXBuildFile; fileRef = CE20E338137848BE00BFE4A6 /* 时尚大理石电视柜_thumb.jpg */; };
		CE20E388137848BE00BFE4A6 /* 时尚大理石电视柜1.jpg in Resources */ = {isa = PBXBuildFile; fileRef = CE20E339137848BE00BFE4A6 /* 时尚大理石电视柜1.jpg */; };
		CE20E389137848BE00BFE4A6 /* 时尚大理石电视柜2.jpg in Resources */ = {isa = PBXBuildFile; fileRef = CE20E33A137848BE00BFE4A6 /* 时尚大理石电视柜2.jpg */; };
		CE20E38A137848BE00BFE4A6 /* 时尚大理石电视柜3.jpg in Resources */ = {isa = PBXBuildFile; fileRef = CE20E33B137848BE00BFE4A6 /* 时尚大理石电视柜3.jpg */; };
		CE20E38B137848BE00BFE4A6 /* 时尚大理石电视柜4.jpg in Resources */ = {isa = PBXBuildFile; fileRef = CE20E33C137848BE00BFE4A6 /* 时尚大理石电视柜4.jpg */; };
		CE20E38C137848BE00BFE4A6 /* 时尚大理石电视柜5.jpg in Resources */ = {isa = PBXBuildFile; fileRef = CE20E33D137848BE00BFE4A6 /* 时尚大理石电视柜5.jpg */; };
		CE20E38D137848BE00BFE4A6 /* 时尚大理石电视柜6.jpg in Resources */ = {isa = PBXBuildFile; fileRef = CE20E33E137848BE00BFE4A6 /* 时尚大理石电视柜6.jpg */; };
		CE20E38E137848BE00BFE4A6 /* 时尚大理石电视柜7.jpg in Resources */ = {isa = PBXBuildFile; fileRef = CE20E33F137848BE00BFE4A6 /* 时尚大理石电视柜7.jpg */; };
		CE20E38F137848BE00BFE4A6 /* 时尚大理石电视柜8.jpg in Resources */ = {isa = PBXBuildFile; fileRef = CE20E340137848BE00BFE4A6 /* 时尚大理石电视柜8.jpg */; };
		CE20E390137848BE00BFE4A6 /* 时尚工艺茶几_thumb.jpg in Resources */ = {isa = PBXBuildFile; fileRef = CE20E341137848BE00BFE4A6 /* 时尚工艺茶几_thumb.jpg */; };
		CE20E391137848BE00BFE4A6 /* 时尚工艺茶几1.jpg in Resources */ = {isa = PBXBuildFile; fileRef = CE20E342137848BE00BFE4A6 /* 时尚工艺茶几1.jpg */; };
		CE20E392137848BE00BFE4A6 /* 时尚工艺茶几2.jpg in Resources */ = {isa = PBXBuildFile; fileRef = CE20E343137848BE00BFE4A6 /* 时尚工艺茶几2.jpg */; };
		CE20E393137848BE00BFE4A6 /* 时尚工艺茶几3.jpg in Resources */ = {isa = PBXBuildFile; fileRef = CE20E344137848BE00BFE4A6 /* 时尚工艺茶几3.jpg */; };
		CE20E394137848BE00BFE4A6 /* 时尚工艺茶几4.jpg in Resources */ = {isa = PBXBuildFile; fileRef = CE20E345137848BE00BFE4A6 /* 时尚工艺茶几4.jpg */; };
		CE20E395137848BE00BFE4A6 /* 欧式田园实木床_thumb.jpg in Resources */ = {isa = PBXBuildFile; fileRef = CE20E346137848BE00BFE4A6 /* 欧式田园实木床_thumb.jpg */; };
		CE20E396137848BE00BFE4A6 /* 欧式田园实木床1.jpg in Resources */ = {isa = PBXBuildFile; fileRef = CE20E347137848BE00BFE4A6 /* 欧式田园实木床1.jpg */; };
		CE20E397137848BE00BFE4A6 /* 欧式田园实木床2.jpg in Resources */ = {isa = PBXBuildFile; fileRef = CE20E348137848BE00BFE4A6 /* 欧式田园实木床2.jpg */; };
		CE20E398137848BE00BFE4A6 /* 欧式田园实木床3.jpg in Resources */ = {isa = PBXBuildFile; fileRef = CE20E349137848BE00BFE4A6 /* 欧式田园实木床3.jpg */; };
		CE20E399137848BE00BFE4A6 /* 欧式田园实木床4.jpg in Resources */ = {isa = PBXBuildFile; fileRef = CE20E34A137848BE00BFE4A6 /* 欧式田园实木床4.jpg */; };
		CE20E39A137848BE00BFE4A6 /* 欧式田园实木床5.jpg in Resources */ = {isa = PBXBuildFile; fileRef = CE20E34B137848BE00BFE4A6 /* 欧式田园实木床5.jpg */; };
		CE20E39B137848BE00BFE4A6 /* 欧式田园实木床6.jpg in Resources */ = {isa = PBXBuildFile; fileRef = CE20E34C137848BE00BFE4A6 /* 欧式田园实木床6.jpg */; };
		CE20E39C137848BE00BFE4A6 /* 欧式田园实木床7.jpg in Resources */ = {isa = PBXBuildFile; fileRef = CE20E34D137848BE00BFE4A6 /* 欧式田园实木床7.jpg */; };
		CE20E39D137848BE00BFE4A6 /* 欧式田园实木床8.jpg in Resources */ = {isa = PBXBuildFile; fileRef = CE20E34E137848BE00BFE4A6 /* 欧式田园实木床8.jpg */; };
		CE20E39E137848BE00BFE4A6 /* 玻璃烤漆餐桌_thumb.jpg in Resources */ = {isa = PBXBuildFile; fileRef = CE20E34F137848BE00BFE4A6 /* 玻璃烤漆餐桌_thumb.jpg */; };
		CE20E39F137848BE00BFE4A6 /* 玻璃烤漆餐桌1.jpg in Resources */ = {isa = PBXBuildFile; fileRef = CE20E350137848BE00BFE4A6 /* 玻璃烤漆餐桌1.jpg */; };
		CE20E3A0137848BE00BFE4A6 /* 玻璃烤漆餐桌2.jpg in Resources */ = {isa = PBXBuildFile; fileRef = CE20E351137848BE00BFE4A6 /* 玻璃烤漆餐桌2.jpg */; };
		CE20E3A1137848BE00BFE4A6 /* 玻璃烤漆餐桌3.jpg in Resources */ = {isa = PBXBuildFile; fileRef = CE20E352137848BE00BFE4A6 /* 玻璃烤漆餐桌3.jpg */; };
		CE20E3A2137848BE00BFE4A6 /* 玻璃烤漆餐桌4.jpg in Resources */ = {isa = PBXBuildFile; fileRef = CE20E353137848BE00BFE4A6 /* 玻璃烤漆餐桌4.jpg */; };
		CE20E3A3137848BE00BFE4A6 /* 玻璃烤漆餐桌5.jpg in Resources */ = {isa = PBXBuildFile; fileRef = CE20E354137848BE00BFE4A6 /* 玻璃烤漆餐桌5.jpg */; };
		CE20E3A4137848BE00BFE4A6 /* 玻璃烤漆餐桌6.jpg in Resources */ = {isa = PBXBuildFile; fileRef = CE20E355137848BE00BFE4A6 /* 玻璃烤漆餐桌6.jpg */; };
		CE20E3A5137848BE00BFE4A6 /* 韩式书柜_thumb.jpg in Resources */ = {isa = PBXBuildFile; fileRef = CE20E356137848BE00BFE4A6 /* 韩式书柜_thumb.jpg */; };
		CE20E3A6137848BE00BFE4A6 /* 韩式书柜1.jpg in Resources */ = {isa = PBXBuildFile; fileRef = CE20E357137848BE00BFE4A6 /* 韩式书柜1.jpg */; };
		CE20E3A7137848BE00BFE4A6 /* 韩式书柜2.jpg in Resources */ = {isa = PBXBuildFile; fileRef = CE20E358137848BE00BFE4A6 /* 韩式书柜2.jpg */; };
		CE20E3A8137848BE00BFE4A6 /* 韩式书柜3.jpg in Resources */ = {isa = PBXBuildFile; fileRef = CE20E359137848BE00BFE4A6 /* 韩式书柜3.jpg */; };
		CE20E3A9137848BE00BFE4A6 /* 韩式书柜4.jpg in Resources */ = {isa = PBXBuildFile; fileRef = CE20E35A137848BE00BFE4A6 /* 韩式书柜4.jpg */; };
		CE20E3AA137848BE00BFE4A6 /* 韩式实木三门衣柜_thumb.jpg in Resources */ = {isa = PBXBuildFile; fileRef = CE20E35B137848BE00BFE4A6 /* 韩式实木三门衣柜_thumb.jpg */; };
		CE20E3AB137848BE00BFE4A6 /* 韩式实木三门衣柜1.jpg in Resources */ = {isa = PBXBuildFile; fileRef = CE20E35C137848BE00BFE4A6 /* 韩式实木三门衣柜1.jpg */; };
		CE20E3AC137848BE00BFE4A6 /* 韩式实木三门衣柜2.jpg in Resources */ = {isa = PBXBuildFile; fileRef = CE20E35D137848BE00BFE4A6 /* 韩式实木三门衣柜2.jpg */; };
		CE20E3AD137848BE00BFE4A6 /* 韩式实木三门衣柜3.jpg in Resources */ = {isa = PBXBuildFile; fileRef = CE20E35E137848BE00BFE4A6 /* 韩式实木三门衣柜3.jpg */; };
		CE20E3AE137848BE00BFE4A6 /* 韩式田园沙发_thumb.jpg in Resources */ = {isa = PBXBuildFile; fileRef = CE20E35F137848BE00BFE4A6 /* 韩式田园沙发_thumb.jpg */; };
		CE20E3AF137848BE00BFE4A6 /* 韩式田园沙发1.jpg in Resources */ = {isa = PBXBuildFile; fileRef = CE20E360137848BE00BFE4A6 /* 韩式田园沙发1.jpg */; };
		CE20E3B0137848BE00BFE4A6 /* 韩式田园沙发2.jpg in Resources */ = {isa = PBXBuildFile; fileRef = CE20E361137848BE00BFE4A6 /* 韩式田园沙发2.jpg */; };
		CE20E3B1137848BE00BFE4A6 /* 韩式田园沙发3.jpg in Resources */ = {isa = PBXBuildFile; fileRef = CE20E362137848BE00BFE4A6 /* 韩式田园沙发3.jpg */; };
		CE20E3B2137848BE00BFE4A6 /* 韩式田园沙发4.jpg in Resources */ = {isa = PBXBuildFile; fileRef = CE20E363137848BE00BFE4A6 /* 韩式田园沙发4.jpg */; };
		CE20E3B3137848BE00BFE4A6 /* 韩式田园沙发5.jpg in Resources */ = {isa = PBXBuildFile; fileRef = CE20E364137848BE00BFE4A6 /* 韩式田园沙发5.jpg */; };
		CE20E3B4137848BE00BFE4A6 /* 韩式简易布衣柜_thumb.jpg in Resources */ = {isa = PBXBuildFile; fileRef = CE20E365137848BE00BFE4A6 /* 韩式简易布衣柜_thumb.jpg */; };
		CE20E3B5137848BE00BFE4A6 /* 韩式简易布衣柜1.jpg in Resources */ = {isa = PBXBuildFile; fileRef = CE20E366137848BE00BFE4A6 /* 韩式简易布衣柜1.jpg */; };
		CE20E3B6137848BE00BFE4A6 /* 韩式简易布衣柜2.gif in Resources */ = {isa = PBXBuildFile; fileRef = CE20E367137848BE00BFE4A6 /* 韩式简易布衣柜2.gif */; };
		CE20E3B7137848BE00BFE4A6 /* 韩式简易布衣柜3.jpg in Resources */ = {isa = PBXBuildFile; fileRef = CE20E368137848BE00BFE4A6 /* 韩式简易布衣柜3.jpg */; };
		CE20E3B8137848BE00BFE4A6 /* 韩式简易布衣柜4.jpg in Resources */ = {isa = PBXBuildFile; fileRef = CE20E369137848BE00BFE4A6 /* 韩式简易布衣柜4.jpg */; };
		CE20E3B9137848BE00BFE4A6 /* 韩式简易布衣柜5.jpg in Resources */ = {isa = PBXBuildFile; fileRef = CE20E36A137848BE00BFE4A6 /* 韩式简易布衣柜5.jpg */; };
		CE20E3BA137848BE00BFE4A6 /* 韩式简易布衣柜6.jpg in Resources */ = {isa = PBXBuildFile; fileRef = CE20E36B137848BE00BFE4A6 /* 韩式简易布衣柜6.jpg */; };
		CE20E3BB137848BE00BFE4A6 /* 韩菲尔双人床_thumb.jpg in Resources */ = {isa = PBXBuildFile; fileRef = CE20E36C137848BE00BFE4A6 /* 韩菲尔双人床_thumb.jpg */; };
		CE20E3BC137848BE00BFE4A6 /* 韩菲尔双人床1.jpg in Resources */ = {isa = PBXBuildFile; fileRef = CE20E36D137848BE00BFE4A6 /* 韩菲尔双人床1.jpg */; };
		CE20E3BD137848BE00BFE4A6 /* 韩菲尔双人床2.jpg in Resources */ = {isa = PBXBuildFile; fileRef = CE20E36E137848BE00BFE4A6 /* 韩菲尔双人床2.jpg */; };
		CE20E3BE137848BE00BFE4A6 /* 韩菲尔双人床3.jpg in Resources */ = {isa = PBXBuildFile; fileRef = CE20E36F137848BE00BFE4A6 /* 韩菲尔双人床3.jpg */; };
		CE20E3BF137848BE00BFE4A6 /* 韩菲尔双人床4.jpg in Resources */ = {isa = PBXBuildFile; fileRef = CE20E370137848BE00BFE4A6 /* 韩菲尔双人床4.jpg */; };
		CE20E3C0137848BE00BFE4A6 /* 韩菲尔双人床5.jpg in Resources */ = {isa = PBXBuildFile; fileRef = CE20E371137848BE00BFE4A6 /* 韩菲尔双人床5.jpg */; };
		CE20E3C1137848BE00BFE4A6 /* 韩菲尔双人床6.jpg in Resources */ = {isa = PBXBuildFile; fileRef = CE20E372137848BE00BFE4A6 /* 韩菲尔双人床6.jpg */; };
		CE20E3C2137848BE00BFE4A6 /* 韩菲尔双人床7.jpg in Resources */ = {isa = PBXBuildFile; fileRef = CE20E373137848BE00BFE4A6 /* 韩菲尔双人床7.jpg */; };
		CE20E3C3137848BE00BFE4A6 /* 韩菲尔双人床8.jpg in Resources */ = {isa = PBXBuildFile; fileRef = CE20E374137848BE00BFE4A6 /* 韩菲尔双人床8.jpg */; };
		CE2F930D136DD835002B9B31 /* AQGridSelection.png in Resources */ = {isa = PBXBuildFile; fileRef = CE2F9308136DD835002B9B31 /* AQGridSelection.png */; };
		CE2F930E136DD835002B9B31 /* AQGridSelectionGray.png in Resources */ = {isa = PBXBuildFile; fileRef = CE2F9309136DD835002B9B31 /* AQGridSelectionGray.png */; };
		CE2F930F136DD835002B9B31 /* AQGridSelectionGrayBlue.png in Resources */ = {isa = PBXBuildFile; fileRef = CE2F930A136DD835002B9B31 /* AQGridSelectionGrayBlue.png */; };
		CE2F9310136DD835002B9B31 /* AQGridSelectionGreen.png in Resources */ = {isa = PBXBuildFile; fileRef = CE2F930B136DD835002B9B31 /* AQGridSelectionGreen.png */; };
		CE2F9311136DD835002B9B31 /* AQGridSelectionRed.png in Resources */ = {isa = PBXBuildFile; fileRef = CE2F930C136DD835002B9B31 /* AQGridSelectionRed.png */; };
		CE321D0E1376CFBE0015CBC5 /* ScrollViewViewController.m in Sources */ = {isa = PBXBuildFile; fileRef = CE321D0D1376CFBE0015CBC5 /* ScrollViewViewController.m */; };
		CE321D111376D1130015CBC5 /* ScrollViewViewController.xib in Resources */ = {isa = PBXBuildFile; fileRef = CE321D101376D1130015CBC5 /* ScrollViewViewController.xib */; };
		CE321D2713770F260015CBC5 /* image0.jpg in Resources */ = {isa = PBXBuildFile; fileRef = CE321D2113770F260015CBC5 /* image0.jpg */; };
		CE321D2813770F260015CBC5 /* image1.jpg in Resources */ = {isa = PBXBuildFile; fileRef = CE321D2213770F260015CBC5 /* image1.jpg */; };
		CE321D2913770F260015CBC5 /* image2.jpg in Resources */ = {isa = PBXBuildFile; fileRef = CE321D2313770F260015CBC5 /* image2.jpg */; };
		CE321D2A13770F260015CBC5 /* image3.jpg in Resources */ = {isa = PBXBuildFile; fileRef = CE321D2413770F260015CBC5 /* image3.jpg */; };
		CE321D2B13770F260015CBC5 /* image4.jpg in Resources */ = {isa = PBXBuildFile; fileRef = CE321D2513770F260015CBC5 /* image4.jpg */; };
		CE321D2C13770F260015CBC5 /* image5.jpg in Resources */ = {isa = PBXBuildFile; fileRef = CE321D2613770F260015CBC5 /* image5.jpg */; };
		CE361265136E5F9F0070347E /* LanguageListController.m in Sources */ = {isa = PBXBuildFile; fileRef = CE361264136E5F9F0070347E /* LanguageListController.m */; };
		CE7449A8136D2D1700A3EF68 /* UIKit.framework in Frameworks */ = {isa = PBXBuildFile; fileRef = CE7449A7136D2D1700A3EF68 /* UIKit.framework */; };
		CE7449AA136D2D1700A3EF68 /* Foundation.framework in Frameworks */ = {isa = PBXBuildFile; fileRef = CE7449A9136D2D1700A3EF68 /* Foundation.framework */; };
		CE7449AC136D2D1700A3EF68 /* CoreGraphics.framework in Frameworks */ = {isa = PBXBuildFile; fileRef = CE7449AB136D2D1700A3EF68 /* CoreGraphics.framework */; };
		CE7449B2136D2D1700A3EF68 /* InfoPlist.strings in Resources */ = {isa = PBXBuildFile; fileRef = CE7449B0136D2D1700A3EF68 /* InfoPlist.strings */; };
		CE7449B5136D2D1700A3EF68 /* main.m in Sources */ = {isa = PBXBuildFile; fileRef = CE7449B4136D2D1700A3EF68 /* main.m */; };
		CE7449B8136D2D1700A3EF68 /* yyyAppDelegate.m in Sources */ = {isa = PBXBuildFile; fileRef = CE7449B7136D2D1700A3EF68 /* yyyAppDelegate.m */; };
		CE7449BB136D2D1700A3EF68 /* MainWindow.xib in Resources */ = {isa = PBXBuildFile; fileRef = CE7449B9136D2D1700A3EF68 /* MainWindow.xib */; };
		CE7449BE136D2D1700A3EF68 /* yyyViewController.m in Sources */ = {isa = PBXBuildFile; fileRef = CE7449BD136D2D1700A3EF68 /* yyyViewController.m */; };
		CE7449C1136D2D1700A3EF68 /* yyyViewController.xib in Resources */ = {isa = PBXBuildFile; fileRef = CE7449BF136D2D1700A3EF68 /* yyyViewController.xib */; };
		CE7449DF136D2E4900A3EF68 /* AQGridView.m in Sources */ = {isa = PBXBuildFile; fileRef = CE7449CB136D2E4900A3EF68 /* AQGridView.m */; };
		CE7449E0136D2E4900A3EF68 /* AQGridViewAnimatorItem.m in Sources */ = {isa = PBXBuildFile; fileRef = CE7449CD136D2E4900A3EF68 /* AQGridViewAnimatorItem.m */; };
		CE7449E1136D2E4900A3EF68 /* AQGridViewCell.m in Sources */ = {isa = PBXBuildFile; fileRef = CE7449D0136D2E4900A3EF68 /* AQGridViewCell.m */; };
		CE7449E2136D2E4900A3EF68 /* AQGridViewController.m in Sources */ = {isa = PBXBuildFile; fileRef = CE7449D2136D2E4900A3EF68 /* AQGridViewController.m */; };
		CE7449E3136D2E4900A3EF68 /* AQGridViewData.m in Sources */ = {isa = PBXBuildFile; fileRef = CE7449D4136D2E4900A3EF68 /* AQGridViewData.m */; };
		CE7449E4136D2E4900A3EF68 /* AQGridViewUpdateInfo.m in Sources */ = {isa = PBXBuildFile; fileRef = CE7449D6136D2E4900A3EF68 /* AQGridViewUpdateInfo.m */; };
		CE7449E5136D2E4900A3EF68 /* AQGridViewUpdateItem.m in Sources */ = {isa = PBXBuildFile; fileRef = CE7449D8136D2E4900A3EF68 /* AQGridViewUpdateItem.m */; };
		CE7449E6136D2E4900A3EF68 /* NSIndexSet+AQIndexesOutsideSet.m in Sources */ = {isa = PBXBuildFile; fileRef = CE7449DA136D2E4900A3EF68 /* NSIndexSet+AQIndexesOutsideSet.m */; };
		CE7449E7136D2E4900A3EF68 /* NSIndexSet+AQIsSetContiguous.m in Sources */ = {isa = PBXBuildFile; fileRef = CE7449DC136D2E4900A3EF68 /* NSIndexSet+AQIsSetContiguous.m */; };
		CE7449E8136D2E4900A3EF68 /* UIColor+AQGridView.m in Sources */ = {isa = PBXBuildFile; fileRef = CE7449DE136D2E4900A3EF68 /* UIColor+AQGridView.m */; };
		CE744A02136D2FB400A3EF68 /* ImageDemoCellChooser.m in Sources */ = {isa = PBXBuildFile; fileRef = CE7449FA136D2FB400A3EF68 /* ImageDemoCellChooser.m */; };
		CE744A03136D2FB400A3EF68 /* ImageDemoFilledCell.m in Sources */ = {isa = PBXBuildFile; fileRef = CE7449FC136D2FB400A3EF68 /* ImageDemoFilledCell.m */; };
		CE744A04136D2FB400A3EF68 /* ImageDemoGridViewCell.m in Sources */ = {isa = PBXBuildFile; fileRef = CE7449FE136D2FB400A3EF68 /* ImageDemoGridViewCell.m */; };
		CE744A07136D333600A3EF68 /* QuartzCore.framework in Frameworks */ = {isa = PBXBuildFile; fileRef = CE744A06136D333600A3EF68 /* QuartzCore.framework */; };
/* End PBXBuildFile section */

/* Begin PBXFileReference section */
		CE20E326137848BE00BFE4A6 /* 俄罗斯松木沙发_thumb.jpg */ = {isa = PBXFileReference; lastKnownFileType = image.jpeg; path = "俄罗斯松木沙发_thumb.jpg"; sourceTree = "<group>"; };
		CE20E327137848BE00BFE4A6 /* 俄罗斯松木沙发1.jpg */ = {isa = PBXFileReference; lastKnownFileType = image.jpeg; path = "俄罗斯松木沙发1.jpg"; sourceTree = "<group>"; };
		CE20E328137848BE00BFE4A6 /* 俄罗斯松木沙发2.jpg */ = {isa = PBXFileReference; lastKnownFileType = image.jpeg; path = "俄罗斯松木沙发2.jpg"; sourceTree = "<group>"; };
		CE20E329137848BE00BFE4A6 /* 俄罗斯松木沙发3.jpg */ = {isa = PBXFileReference; lastKnownFileType = image.jpeg; path = "俄罗斯松木沙发3.jpg"; sourceTree = "<group>"; };
		CE20E32A137848BE00BFE4A6 /* 俄罗斯松木沙发4.jpg */ = {isa = PBXFileReference; lastKnownFileType = image.jpeg; path = "俄罗斯松木沙发4.jpg"; sourceTree = "<group>"; };
		CE20E32B137848BE00BFE4A6 /* 俄罗斯松木沙发5.jpg */ = {isa = PBXFileReference; lastKnownFileType = image.jpeg; path = "俄罗斯松木沙发5.jpg"; sourceTree = "<group>"; };
		CE20E32C137848BE00BFE4A6 /* 俄罗斯松木沙发6.jpg */ = {isa = PBXFileReference; lastKnownFileType = image.jpeg; path = "俄罗斯松木沙发6.jpg"; sourceTree = "<group>"; };
		CE20E32D137848BE00BFE4A6 /* 俄罗斯松木沙发7.jpg */ = {isa = PBXFileReference; lastKnownFileType = image.jpeg; path = "俄罗斯松木沙发7.jpg"; sourceTree = "<group>"; };
		CE20E32E137848BE00BFE4A6 /* 实木床_thumb.jpg */ = {isa = PBXFileReference; lastKnownFileType = image.jpeg; path = "实木床_thumb.jpg"; sourceTree = "<group>"; };
		CE20E32F137848BE00BFE4A6 /* 实木床1.jpg */ = {isa = PBXFileReference; lastKnownFileType = image.jpeg; path = "实木床1.jpg"; sourceTree = "<group>"; };
		CE20E330137848BE00BFE4A6 /* 实木床2.jpg */ = {isa = PBXFileReference; lastKnownFileType = image.jpeg; path = "实木床2.jpg"; sourceTree = "<group>"; };
		CE20E331137848BE00BFE4A6 /* 实木床3.jpg */ = {isa = PBXFileReference; lastKnownFileType = image.jpeg; path = "实木床3.jpg"; sourceTree = "<group>"; };
		CE20E332137848BE00BFE4A6 /* 实木床4.jpg */ = {isa = PBXFileReference; lastKnownFileType = image.jpeg; path = "实木床4.jpg"; sourceTree = "<group>"; };
		CE20E333137848BE00BFE4A6 /* 实木床5.jpg */ = {isa = PBXFileReference; lastKnownFileType = image.jpeg; path = "实木床5.jpg"; sourceTree = "<group>"; };
		CE20E334137848BE00BFE4A6 /* 实木床6.jpg */ = {isa = PBXFileReference; lastKnownFileType = image.jpeg; path = "实木床6.jpg"; sourceTree = "<group>"; };
		CE20E335137848BE00BFE4A6 /* 实木床7.jpg */ = {isa = PBXFileReference; lastKnownFileType = image.jpeg; path = "实木床7.jpg"; sourceTree = "<group>"; };
		CE20E336137848BE00BFE4A6 /* 实木床8.jpg */ = {isa = PBXFileReference; lastKnownFileType = image.jpeg; path = "实木床8.jpg"; sourceTree = "<group>"; };
		CE20E337137848BE00BFE4A6 /* 实木床9.jpg */ = {isa = PBXFileReference; lastKnownFileType = image.jpeg; path = "实木床9.jpg"; sourceTree = "<group>"; };
		CE20E338137848BE00BFE4A6 /* 时尚大理石电视柜_thumb.jpg */ = {isa = PBXFileReference; lastKnownFileType = image.jpeg; path = "时尚大理石电视柜_thumb.jpg"; sourceTree = "<group>"; };
		CE20E339137848BE00BFE4A6 /* 时尚大理石电视柜1.jpg */ = {isa = PBXFileReference; lastKnownFileType = image.jpeg; path = "时尚大理石电视柜1.jpg"; sourceTree = "<group>"; };
		CE20E33A137848BE00BFE4A6 /* 时尚大理石电视柜2.jpg */ = {isa = PBXFileReference; lastKnownFileType = image.jpeg; path = "时尚大理石电视柜2.jpg"; sourceTree = "<group>"; };
		CE20E33B137848BE00BFE4A6 /* 时尚大理石电视柜3.jpg */ = {isa = PBXFileReference; lastKnownFileType = image.jpeg; path = "时尚大理石电视柜3.jpg"; sourceTree = "<group>"; };
		CE20E33C137848BE00BFE4A6 /* 时尚大理石电视柜4.jpg */ = {isa = PBXFileReference; lastKnownFileType = image.jpeg; path = "时尚大理石电视柜4.jpg"; sourceTree = "<group>"; };
		CE20E33D137848BE00BFE4A6 /* 时尚大理石电视柜5.jpg */ = {isa = PBXFileReference; lastKnownFileType = image.jpeg; path = "时尚大理石电视柜5.jpg"; sourceTree = "<group>"; };
		CE20E33E137848BE00BFE4A6 /* 时尚大理石电视柜6.jpg */ = {isa = PBXFileReference; lastKnownFileType = image.jpeg; path = "时尚大理石电视柜6.jpg"; sourceTree = "<group>"; };
		CE20E33F137848BE00BFE4A6 /* 时尚大理石电视柜7.jpg */ = {isa = PBXFileReference; lastKnownFileType = image.jpeg; path = "时尚大理石电视柜7.jpg"; sourceTree = "<group>"; };
		CE20E340137848BE00BFE4A6 /* 时尚大理石电视柜8.jpg */ = {isa = PBXFileReference; lastKnownFileType = image.jpeg; path = "时尚大理石电视柜8.jpg"; sourceTree = "<group>"; };
		CE20E341137848BE00BFE4A6 /* 时尚工艺茶几_thumb.jpg */ = {isa = PBXFileReference; lastKnownFileType = image.jpeg; path = "时尚工艺茶几_thumb.jpg"; sourceTree = "<group>"; };
		CE20E342137848BE00BFE4A6 /* 时尚工艺茶几1.jpg */ = {isa = PBXFileReference; lastKnownFileType = image.jpeg; path = "时尚工艺茶几1.jpg"; sourceTree = "<group>"; };
		CE20E343137848BE00BFE4A6 /* 时尚工艺茶几2.jpg */ = {isa = PBXFileReference; lastKnownFileType = image.jpeg; path = "时尚工艺茶几2.jpg"; sourceTree = "<group>"; };
		CE20E344137848BE00BFE4A6 /* 时尚工艺茶几3.jpg */ = {isa = PBXFileReference; lastKnownFileType = image.jpeg; path = "时尚工艺茶几3.jpg"; sourceTree = "<group>"; };
		CE20E345137848BE00BFE4A6 /* 时尚工艺茶几4.jpg */ = {isa = PBXFileReference; lastKnownFileType = image.jpeg; path = "时尚工艺茶几4.jpg"; sourceTree = "<group>"; };
		CE20E346137848BE00BFE4A6 /* 欧式田园实木床_thumb.jpg */ = {isa = PBXFileReference; lastKnownFileType = image.jpeg; path = "欧式田园实木床_thumb.jpg"; sourceTree = "<group>"; };
		CE20E347137848BE00BFE4A6 /* 欧式田园实木床1.jpg */ = {isa = PBXFileReference; lastKnownFileType = image.jpeg; path = "欧式田园实木床1.jpg"; sourceTree = "<group>"; };
		CE20E348137848BE00BFE4A6 /* 欧式田园实木床2.jpg */ = {isa = PBXFileReference; lastKnownFileType = image.jpeg; path = "欧式田园实木床2.jpg"; sourceTree = "<group>"; };
		CE20E349137848BE00BFE4A6 /* 欧式田园实木床3.jpg */ = {isa = PBXFileReference; lastKnownFileType = image.jpeg; path = "欧式田园实木床3.jpg"; sourceTree = "<group>"; };
		CE20E34A137848BE00BFE4A6 /* 欧式田园实木床4.jpg */ = {isa = PBXFileReference; lastKnownFileType = image.jpeg; path = "欧式田园实木床4.jpg"; sourceTree = "<group>"; };
		CE20E34B137848BE00BFE4A6 /* 欧式田园实木床5.jpg */ = {isa = PBXFileReference; lastKnownFileType = image.jpeg; path = "欧式田园实木床5.jpg"; sourceTree = "<group>"; };
		CE20E34C137848BE00BFE4A6 /* 欧式田园实木床6.jpg */ = {isa = PBXFileReference; lastKnownFileType = image.jpeg; path = "欧式田园实木床6.jpg"; sourceTree = "<group>"; };
		CE20E34D137848BE00BFE4A6 /* 欧式田园实木床7.jpg */ = {isa = PBXFileReference; lastKnownFileType = image.jpeg; path = "欧式田园实木床7.jpg"; sourceTree = "<group>"; };
		CE20E34E137848BE00BFE4A6 /* 欧式田园实木床8.jpg */ = {isa = PBXFileReference; lastKnownFileType = image.jpeg; path = "欧式田园实木床8.jpg"; sourceTree = "<group>"; };
		CE20E34F137848BE00BFE4A6 /* 玻璃烤漆餐桌_thumb.jpg */ = {isa = PBXFileReference; lastKnownFileType = image.jpeg; path = "玻璃烤漆餐桌_thumb.jpg"; sourceTree = "<group>"; };
		CE20E350137848BE00BFE4A6 /* 玻璃烤漆餐桌1.jpg */ = {isa = PBXFileReference; lastKnownFileType = image.jpeg; path = "玻璃烤漆餐桌1.jpg"; sourceTree = "<group>"; };
		CE20E351137848BE00BFE4A6 /* 玻璃烤漆餐桌2.jpg */ = {isa = PBXFileReference; lastKnownFileType = image.jpeg; path = "玻璃烤漆餐桌2.jpg"; sourceTree = "<group>"; };
		CE20E352137848BE00BFE4A6 /* 玻璃烤漆餐桌3.jpg */ = {isa = PBXFileReference; lastKnownFileType = image.jpeg; path = "玻璃烤漆餐桌3.jpg"; sourceTree = "<group>"; };
		CE20E353137848BE00BFE4A6 /* 玻璃烤漆餐桌4.jpg */ = {isa = PBXFileReference; lastKnownFileType = image.jpeg; path = "玻璃烤漆餐桌4.jpg"; sourceTree = "<group>"; };
		CE20E354137848BE00BFE4A6 /* 玻璃烤漆餐桌5.jpg */ = {isa = PBXFileReference; lastKnownFileType = image.jpeg; path = "玻璃烤漆餐桌5.jpg"; sourceTree = "<group>"; };
		CE20E355137848BE00BFE4A6 /* 玻璃烤漆餐桌6.jpg */ = {isa = PBXFileReference; lastKnownFileType = image.jpeg; path = "玻璃烤漆餐桌6.jpg"; sourceTree = "<group>"; };
		CE20E356137848BE00BFE4A6 /* 韩式书柜_thumb.jpg */ = {isa = PBXFileReference; lastKnownFileType = image.jpeg; path = "韩式书柜_thumb.jpg"; sourceTree = "<group>"; };
		CE20E357137848BE00BFE4A6 /* 韩式书柜1.jpg */ = {isa = PBXFileReference; lastKnownFileType = image.jpeg; path = "韩式书柜1.jpg"; sourceTree = "<group>"; };
		CE20E358137848BE00BFE4A6 /* 韩式书柜2.jpg */ = {isa = PBXFileReference; lastKnownFileType = image.jpeg; path = "韩式书柜2.jpg"; sourceTree = "<group>"; };
		CE20E359137848BE00BFE4A6 /* 韩式书柜3.jpg */ = {isa = PBXFileReference; lastKnownFileType = image.jpeg; path = "韩式书柜3.jpg"; sourceTree = "<group>"; };
		CE20E35A137848BE00BFE4A6 /* 韩式书柜4.jpg */ = {isa = PBXFileReference; lastKnownFileType = image.jpeg; path = "韩式书柜4.jpg"; sourceTree = "<group>"; };
		CE20E35B137848BE00BFE4A6 /* 韩式实木三门衣柜_thumb.jpg */ = {isa = PBXFileReference; lastKnownFileType = image.jpeg; path = "韩式实木三门衣柜_thumb.jpg"; sourceTree = "<group>"; };
		CE20E35C137848BE00BFE4A6 /* 韩式实木三门衣柜1.jpg */ = {isa = PBXFileReference; lastKnownFileType = image.jpeg; path = "韩式实木三门衣柜1.jpg"; sourceTree = "<group>"; };
		CE20E35D137848BE00BFE4A6 /* 韩式实木三门衣柜2.jpg */ = {isa = PBXFileReference; lastKnownFileType = image.jpeg; path = "韩式实木三门衣柜2.jpg"; sourceTree = "<group>"; };
		CE20E35E137848BE00BFE4A6 /* 韩式实木三门衣柜3.jpg */ = {isa = PBXFileReference; lastKnownFileType = image.jpeg; path = "韩式实木三门衣柜3.jpg"; sourceTree = "<group>"; };
		CE20E35F137848BE00BFE4A6 /* 韩式田园沙发_thumb.jpg */ = {isa = PBXFileReference; lastKnownFileType = image.jpeg; path = "韩式田园沙发_thumb.jpg"; sourceTree = "<group>"; };
		CE20E360137848BE00BFE4A6 /* 韩式田园沙发1.jpg */ = {isa = PBXFileReference; lastKnownFileType = image.jpeg; path = "韩式田园沙发1.jpg"; sourceTree = "<group>"; };
		CE20E361137848BE00BFE4A6 /* 韩式田园沙发2.jpg */ = {isa = PBXFileReference; lastKnownFileType = image.jpeg; path = "韩式田园沙发2.jpg"; sourceTree = "<group>"; };
		CE20E362137848BE00BFE4A6 /* 韩式田园沙发3.jpg */ = {isa = PBXFileReference; lastKnownFileType = image.jpeg; path = "韩式田园沙发3.jpg"; sourceTree = "<group>"; };
		CE20E363137848BE00BFE4A6 /* 韩式田园沙发4.jpg */ = {isa = PBXFileReference; lastKnownFileType = image.jpeg; path = "韩式田园沙发4.jpg"; sourceTree = "<group>"; };
		CE20E364137848BE00BFE4A6 /* 韩式田园沙发5.jpg */ = {isa = PBXFileReference; lastKnownFileType = image.jpeg; path = "韩式田园沙发5.jpg"; sourceTree = "<group>"; };
		CE20E365137848BE00BFE4A6 /* 韩式简易布衣柜_thumb.jpg */ = {isa = PBXFileReference; lastKnownFileType = image.jpeg; path = "韩式简易布衣柜_thumb.jpg"; sourceTree = "<group>"; };
		CE20E366137848BE00BFE4A6 /* 韩式简易布衣柜1.jpg */ = {isa = PBXFileReference; lastKnownFileType = image.jpeg; path = "韩式简易布衣柜1.jpg"; sourceTree = "<group>"; };
		CE20E367137848BE00BFE4A6 /* 韩式简易布衣柜2.gif */ = {isa = PBXFileReference; lastKnownFileType = image.gif; path = "韩式简易布衣柜2.gif"; sourceTree = "<group>"; };
		CE20E368137848BE00BFE4A6 /* 韩式简易布衣柜3.jpg */ = {isa = PBXFileReference; lastKnownFileType = image.jpeg; path = "韩式简易布衣柜3.jpg"; sourceTree = "<group>"; };
		CE20E369137848BE00BFE4A6 /* 韩式简易布衣柜4.jpg */ = {isa = PBXFileReference; lastKnownFileType = image.jpeg; path = "韩式简易布衣柜4.jpg"; sourceTree = "<group>"; };
		CE20E36A137848BE00BFE4A6 /* 韩式简易布衣柜5.jpg */ = {isa = PBXFileReference; lastKnownFileType = image.jpeg; path = "韩式简易布衣柜5.jpg"; sourceTree = "<group>"; };
		CE20E36B137848BE00BFE4A6 /* 韩式简易布衣柜6.jpg */ = {isa = PBXFileReference; lastKnownFileType = image.jpeg; path = "韩式简易布衣柜6.jpg"; sourceTree = "<group>"; };
		CE20E36C137848BE00BFE4A6 /* 韩菲尔双人床_thumb.jpg */ = {isa = PBXFileReference; lastKnownFileType = image.jpeg; path = "韩菲尔双人床_thumb.jpg"; sourceTree = "<group>"; };
		CE20E36D137848BE00BFE4A6 /* 韩菲尔双人床1.jpg */ = {isa = PBXFileReference; lastKnownFileType = image.jpeg; path = "韩菲尔双人床1.jpg"; sourceTree = "<group>"; };
		CE20E36E137848BE00BFE4A6 /* 韩菲尔双人床2.jpg */ = {isa = PBXFileReference; lastKnownFileType = image.jpeg; path = "韩菲尔双人床2.jpg"; sourceTree = "<group>"; };
		CE20E36F137848BE00BFE4A6 /* 韩菲尔双人床3.jpg */ = {isa = PBXFileReference; lastKnownFileType = image.jpeg; path = "韩菲尔双人床3.jpg"; sourceTree = "<group>"; };
		CE20E370137848BE00BFE4A6 /* 韩菲尔双人床4.jpg */ = {isa = PBXFileReference; lastKnownFileType = image.jpeg; path = "韩菲尔双人床4.jpg"; sourceTree = "<group>"; };
		CE20E371137848BE00BFE4A6 /* 韩菲尔双人床5.jpg */ = {isa = PBXFileReference; lastKnownFileType = image.jpeg; path = "韩菲尔双人床5.jpg"; sourceTree = "<group>"; };
		CE20E372137848BE00BFE4A6 /* 韩菲尔双人床6.jpg */ = {isa = PBXFileReference; lastKnownFileType = image.jpeg; path = "韩菲尔双人床6.jpg"; sourceTree = "<group>"; };
		CE20E373137848BE00BFE4A6 /* 韩菲尔双人床7.jpg */ = {isa = PBXFileReference; lastKnownFileType = image.jpeg; path = "韩菲尔双人床7.jpg"; sourceTree = "<group>"; };
		CE20E374137848BE00BFE4A6 /* 韩菲尔双人床8.jpg */ = {isa = PBXFileReference; lastKnownFileType = image.jpeg; path = "韩菲尔双人床8.jpg"; sourceTree = "<group>"; };
		CE2F9308136DD835002B9B31 /* AQGridSelection.png */ = {isa = PBXFileReference; lastKnownFileType = image.png; path = AQGridSelection.png; sourceTree = "<group>"; };
		CE2F9309136DD835002B9B31 /* AQGridSelectionGray.png */ = {isa = PBXFileReference; lastKnownFileType = image.png; path = AQGridSelectionGray.png; sourceTree = "<group>"; };
		CE2F930A136DD835002B9B31 /* AQGridSelectionGrayBlue.png */ = {isa = PBXFileReference; lastKnownFileType = image.png; path = AQGridSelectionGrayBlue.png; sourceTree = "<group>"; };
		CE2F930B136DD835002B9B31 /* AQGridSelectionGreen.png */ = {isa = PBXFileReference; lastKnownFileType = image.png; path = AQGridSelectionGreen.png; sourceTree = "<group>"; };
		CE2F930C136DD835002B9B31 /* AQGridSelectionRed.png */ = {isa = PBXFileReference; lastKnownFileType = image.png; path = AQGridSelectionRed.png; sourceTree = "<group>"; };
		CE321D0C1376CFBE0015CBC5 /* ScrollViewViewController.h */ = {isa = PBXFileReference; fileEncoding = 4; lastKnownFileType = sourcecode.c.h; path = ScrollViewViewController.h; sourceTree = "<group>"; };
		CE321D0D1376CFBE0015CBC5 /* ScrollViewViewController.m */ = {isa = PBXFileReference; fileEncoding = 4; lastKnownFileType = sourcecode.c.objc; path = ScrollViewViewController.m; sourceTree = "<group>"; };
		CE321D101376D1130015CBC5 /* ScrollViewViewController.xib */ = {isa = PBXFileReference; fileEncoding = 4; lastKnownFileType = file.xib; path = ScrollViewViewController.xib; sourceTree = "<group>"; };
		CE321D2113770F260015CBC5 /* image0.jpg */ = {isa = PBXFileReference; lastKnownFileType = image.jpeg; path = image0.jpg; sourceTree = "<group>"; };
		CE321D2213770F260015CBC5 /* image1.jpg */ = {isa = PBXFileReference; lastKnownFileType = image.jpeg; path = image1.jpg; sourceTree = "<group>"; };
		CE321D2313770F260015CBC5 /* image2.jpg */ = {isa = PBXFileReference; lastKnownFileType = image.jpeg; path = image2.jpg; sourceTree = "<group>"; };
		CE321D2413770F260015CBC5 /* image3.jpg */ = {isa = PBXFileReference; lastKnownFileType = image.jpeg; path = image3.jpg; sourceTree = "<group>"; };
		CE321D2513770F260015CBC5 /* image4.jpg */ = {isa = PBXFileReference; lastKnownFileType = image.jpeg; path = image4.jpg; sourceTree = "<group>"; };
		CE321D2613770F260015CBC5 /* image5.jpg */ = {isa = PBXFileReference; lastKnownFileType = image.jpeg; path = image5.jpg; sourceTree = "<group>"; };
		CE361263136E5F9F0070347E /* LanguageListController.h */ = {isa = PBXFileReference; fileEncoding = 4; lastKnownFileType = sourcecode.c.h; path = LanguageListController.h; sourceTree = "<group>"; };
		CE361264136E5F9F0070347E /* LanguageListController.m */ = {isa = PBXFileReference; fileEncoding = 4; lastKnownFileType = sourcecode.c.objc; path = LanguageListController.m; sourceTree = "<group>"; };
		CE7449A3136D2D1700A3EF68 /* yyy.app */ = {isa = PBXFileReference; explicitFileType = wrapper.application; includeInIndex = 0; path = yyy.app; sourceTree = BUILT_PRODUCTS_DIR; };
		CE7449A7136D2D1700A3EF68 /* UIKit.framework */ = {isa = PBXFileReference; lastKnownFileType = wrapper.framework; name = UIKit.framework; path = System/Library/Frameworks/UIKit.framework; sourceTree = SDKROOT; };
		CE7449A9136D2D1700A3EF68 /* Foundation.framework */ = {isa = PBXFileReference; lastKnownFileType = wrapper.framework; name = Foundation.framework; path = System/Library/Frameworks/Foundation.framework; sourceTree = SDKROOT; };
		CE7449AB136D2D1700A3EF68 /* CoreGraphics.framework */ = {isa = PBXFileReference; lastKnownFileType = wrapper.framework; name = CoreGraphics.framework; path = System/Library/Frameworks/CoreGraphics.framework; sourceTree = SDKROOT; };
		CE7449AF136D2D1700A3EF68 /* yyy-Info.plist */ = {isa = PBXFileReference; lastKnownFileType = text.plist.xml; path = "yyy-Info.plist"; sourceTree = "<group>"; };
		CE7449B1136D2D1700A3EF68 /* en */ = {isa = PBXFileReference; lastKnownFileType = text.plist.strings; name = en; path = en.lproj/InfoPlist.strings; sourceTree = "<group>"; };
		CE7449B3136D2D1700A3EF68 /* yyy-Prefix.pch */ = {isa = PBXFileReference; lastKnownFileType = sourcecode.c.h; path = "yyy-Prefix.pch"; sourceTree = "<group>"; };
		CE7449B4136D2D1700A3EF68 /* main.m */ = {isa = PBXFileReference; lastKnownFileType = sourcecode.c.objc; path = main.m; sourceTree = "<group>"; };
		CE7449B6136D2D1700A3EF68 /* yyyAppDelegate.h */ = {isa = PBXFileReference; lastKnownFileType = sourcecode.c.h; path = yyyAppDelegate.h; sourceTree = "<group>"; };
		CE7449B7136D2D1700A3EF68 /* yyyAppDelegate.m */ = {isa = PBXFileReference; lastKnownFileType = sourcecode.c.objc; path = yyyAppDelegate.m; sourceTree = "<group>"; };
		CE7449BA136D2D1700A3EF68 /* en */ = {isa = PBXFileReference; lastKnownFileType = file.xib; name = en; path = en.lproj/MainWindow.xib; sourceTree = "<group>"; };
		CE7449BC136D2D1700A3EF68 /* yyyViewController.h */ = {isa = PBXFileReference; lastKnownFileType = sourcecode.c.h; path = yyyViewController.h; sourceTree = "<group>"; };
		CE7449BD136D2D1700A3EF68 /* yyyViewController.m */ = {isa = PBXFileReference; lastKnownFileType = sourcecode.c.objc; path = yyyViewController.m; sourceTree = "<group>"; };
		CE7449C0136D2D1700A3EF68 /* en */ = {isa = PBXFileReference; lastKnownFileType = file.xib; name = en; path = en.lproj/yyyViewController.xib; sourceTree = "<group>"; };
		CE7449C8136D2E4900A3EF68 /* AQGridView+CellLayout.h */ = {isa = PBXFileReference; fileEncoding = 4; lastKnownFileType = sourcecode.c.h; path = "AQGridView+CellLayout.h"; sourceTree = "<group>"; };
		CE7449C9136D2E4900A3EF68 /* AQGridView+CellLocationDelegation.h */ = {isa = PBXFileReference; fileEncoding = 4; lastKnownFileType = sourcecode.c.h; path = "AQGridView+CellLocationDelegation.h"; sourceTree = "<group>"; };
		CE7449CA136D2E4900A3EF68 /* AQGridView.h */ = {isa = PBXFileReference; fileEncoding = 4; lastKnownFileType = sourcecode.c.h; path = AQGridView.h; sourceTree = "<group>"; };
		CE7449CB136D2E4900A3EF68 /* AQGridView.m */ = {isa = PBXFileReference; fileEncoding = 4; lastKnownFileType = sourcecode.c.objc; path = AQGridView.m; sourceTree = "<group>"; };
		CE7449CC136D2E4900A3EF68 /* AQGridViewAnimatorItem.h */ = {isa = PBXFileReference; fileEncoding = 4; lastKnownFileType = sourcecode.c.h; path = AQGridViewAnimatorItem.h; sourceTree = "<group>"; };
		CE7449CD136D2E4900A3EF68 /* AQGridViewAnimatorItem.m */ = {isa = PBXFileReference; fileEncoding = 4; lastKnownFileType = sourcecode.c.objc; path = AQGridViewAnimatorItem.m; sourceTree = "<group>"; };
		CE7449CE136D2E4900A3EF68 /* AQGridViewCell+AQGridViewCellPrivate.h */ = {isa = PBXFileReference; fileEncoding = 4; lastKnownFileType = sourcecode.c.h; path = "AQGridViewCell+AQGridViewCellPrivate.h"; sourceTree = "<group>"; };
		CE7449CF136D2E4900A3EF68 /* AQGridViewCell.h */ = {isa = PBXFileReference; fileEncoding = 4; lastKnownFileType = sourcecode.c.h; path = AQGridViewCell.h; sourceTree = "<group>"; };
		CE7449D0136D2E4900A3EF68 /* AQGridViewCell.m */ = {isa = PBXFileReference; fileEncoding = 4; lastKnownFileType = sourcecode.c.objc; path = AQGridViewCell.m; sourceTree = "<group>"; };
		CE7449D1136D2E4900A3EF68 /* AQGridViewController.h */ = {isa = PBXFileReference; fileEncoding = 4; lastKnownFileType = sourcecode.c.h; path = AQGridViewController.h; sourceTree = "<group>"; };
		CE7449D2136D2E4900A3EF68 /* AQGridViewController.m */ = {isa = PBXFileReference; fileEncoding = 4; lastKnownFileType = sourcecode.c.objc; path = AQGridViewController.m; sourceTree = "<group>"; };
		CE7449D3136D2E4900A3EF68 /* AQGridViewData.h */ = {isa = PBXFileReference; fileEncoding = 4; lastKnownFileType = sourcecode.c.h; path = AQGridViewData.h; sourceTree = "<group>"; };
		CE7449D4136D2E4900A3EF68 /* AQGridViewData.m */ = {isa = PBXFileReference; fileEncoding = 4; lastKnownFileType = sourcecode.c.objc; path = AQGridViewData.m; sourceTree = "<group>"; };
		CE7449D5136D2E4900A3EF68 /* AQGridViewUpdateInfo.h */ = {isa = PBXFileReference; fileEncoding = 4; lastKnownFileType = sourcecode.c.h; path = AQGridViewUpdateInfo.h; sourceTree = "<group>"; };
		CE7449D6136D2E4900A3EF68 /* AQGridViewUpdateInfo.m */ = {isa = PBXFileReference; fileEncoding = 4; lastKnownFileType = sourcecode.c.objc; path = AQGridViewUpdateInfo.m; sourceTree = "<group>"; };
		CE7449D7136D2E4900A3EF68 /* AQGridViewUpdateItem.h */ = {isa = PBXFileReference; fileEncoding = 4; lastKnownFileType = sourcecode.c.h; path = AQGridViewUpdateItem.h; sourceTree = "<group>"; };
		CE7449D8136D2E4900A3EF68 /* AQGridViewUpdateItem.m */ = {isa = PBXFileReference; fileEncoding = 4; lastKnownFileType = sourcecode.c.objc; path = AQGridViewUpdateItem.m; sourceTree = "<group>"; };
		CE7449D9136D2E4900A3EF68 /* NSIndexSet+AQIndexesOutsideSet.h */ = {isa = PBXFileReference; fileEncoding = 4; lastKnownFileType = sourcecode.c.h; path = "NSIndexSet+AQIndexesOutsideSet.h"; sourceTree = "<group>"; };
		CE7449DA136D2E4900A3EF68 /* NSIndexSet+AQIndexesOutsideSet.m */ = {isa = PBXFileReference; fileEncoding = 4; lastKnownFileType = sourcecode.c.objc; path = "NSIndexSet+AQIndexesOutsideSet.m"; sourceTree = "<group>"; };
		CE7449DB136D2E4900A3EF68 /* NSIndexSet+AQIsSetContiguous.h */ = {isa = PBXFileReference; fileEncoding = 4; lastKnownFileType = sourcecode.c.h; path = "NSIndexSet+AQIsSetContiguous.h"; sourceTree = "<group>"; };
		CE7449DC136D2E4900A3EF68 /* NSIndexSet+AQIsSetContiguous.m */ = {isa = PBXFileReference; fileEncoding = 4; lastKnownFileType = sourcecode.c.objc; path = "NSIndexSet+AQIsSetContiguous.m"; sourceTree = "<group>"; };
		CE7449DD136D2E4900A3EF68 /* UIColor+AQGridView.h */ = {isa = PBXFileReference; fileEncoding = 4; lastKnownFileType = sourcecode.c.h; path = "UIColor+AQGridView.h"; sourceTree = "<group>"; };
		CE7449DE136D2E4900A3EF68 /* UIColor+AQGridView.m */ = {isa = PBXFileReference; fileEncoding = 4; lastKnownFileType = sourcecode.c.objc; path = "UIColor+AQGridView.m"; sourceTree = "<group>"; };
		CE7449F9136D2FB400A3EF68 /* ImageDemoCellChooser.h */ = {isa = PBXFileReference; fileEncoding = 4; lastKnownFileType = sourcecode.c.h; path = ImageDemoCellChooser.h; sourceTree = "<group>"; };
		CE7449FA136D2FB400A3EF68 /* ImageDemoCellChooser.m */ = {isa = PBXFileReference; fileEncoding = 4; lastKnownFileType = sourcecode.c.objc; path = ImageDemoCellChooser.m; sourceTree = "<group>"; };
		CE7449FB136D2FB400A3EF68 /* ImageDemoFilledCell.h */ = {isa = PBXFileReference; fileEncoding = 4; lastKnownFileType = sourcecode.c.h; path = ImageDemoFilledCell.h; sourceTree = "<group>"; };
		CE7449FC136D2FB400A3EF68 /* ImageDemoFilledCell.m */ = {isa = PBXFileReference; fileEncoding = 4; lastKnownFileType = sourcecode.c.objc; path = ImageDemoFilledCell.m; sourceTree = "<group>"; };
		CE7449FD136D2FB400A3EF68 /* ImageDemoGridViewCell.h */ = {isa = PBXFileReference; fileEncoding = 4; lastKnownFileType = sourcecode.c.h; path = ImageDemoGridViewCell.h; sourceTree = "<group>"; };
		CE7449FE136D2FB400A3EF68 /* ImageDemoGridViewCell.m */ = {isa = PBXFileReference; fileEncoding = 4; lastKnownFileType = sourcecode.c.objc; path = ImageDemoGridViewCell.m; sourceTree = "<group>"; };
		CE744A06136D333600A3EF68 /* QuartzCore.framework */ = {isa = PBXFileReference; lastKnownFileType = wrapper.framework; name = QuartzCore.framework; path = System/Library/Frameworks/QuartzCore.framework; sourceTree = SDKROOT; };
/* End PBXFileReference section */

/* Begin PBXFrameworksBuildPhase section */
		CE7449A0136D2D1700A3EF68 /* Frameworks */ = {
			isa = PBXFrameworksBuildPhase;
			buildActionMask = 2147483647;
			files = (
				CE744A07136D333600A3EF68 /* QuartzCore.framework in Frameworks */,
				CE7449A8136D2D1700A3EF68 /* UIKit.framework in Frameworks */,
				CE7449AA136D2D1700A3EF68 /* Foundation.framework in Frameworks */,
				CE7449AC136D2D1700A3EF68 /* CoreGraphics.framework in Frameworks */,
			);
			runOnlyForDeploymentPostprocessing = 0;
		};
/* End PBXFrameworksBuildPhase section */

/* Begin PBXGroup section */
		CE20E325137848BE00BFE4A6 /* furniture_pic */ = {
			isa = PBXGroup;
			children = (
				CE20E326137848BE00BFE4A6 /* 俄罗斯松木沙发_thumb.jpg */,
				CE20E327137848BE00BFE4A6 /* 俄罗斯松木沙发1.jpg */,
				CE20E328137848BE00BFE4A6 /* 俄罗斯松木沙发2.jpg */,
				CE20E329137848BE00BFE4A6 /* 俄罗斯松木沙发3.jpg */,
				CE20E32A137848BE00BFE4A6 /* 俄罗斯松木沙发4.jpg */,
				CE20E32B137848BE00BFE4A6 /* 俄罗斯松木沙发5.jpg */,
				CE20E32C137848BE00BFE4A6 /* 俄罗斯松木沙发6.jpg */,
				CE20E32D137848BE00BFE4A6 /* 俄罗斯松木沙发7.jpg */,
				CE20E32E137848BE00BFE4A6 /* 实木床_thumb.jpg */,
				CE20E32F137848BE00BFE4A6 /* 实木床1.jpg */,
				CE20E330137848BE00BFE4A6 /* 实木床2.jpg */,
				CE20E331137848BE00BFE4A6 /* 实木床3.jpg */,
				CE20E332137848BE00BFE4A6 /* 实木床4.jpg */,
				CE20E333137848BE00BFE4A6 /* 实木床5.jpg */,
				CE20E334137848BE00BFE4A6 /* 实木床6.jpg */,
				CE20E335137848BE00BFE4A6 /* 实木床7.jpg */,
				CE20E336137848BE00BFE4A6 /* 实木床8.jpg */,
				CE20E337137848BE00BFE4A6 /* 实木床9.jpg */,
				CE20E338137848BE00BFE4A6 /* 时尚大理石电视柜_thumb.jpg */,
				CE20E339137848BE00BFE4A6 /* 时尚大理石电视柜1.jpg */,
				CE20E33A137848BE00BFE4A6 /* 时尚大理石电视柜2.jpg */,
				CE20E33B137848BE00BFE4A6 /* 时尚大理石电视柜3.jpg */,
				CE20E33C137848BE00BFE4A6 /* 时尚大理石电视柜4.jpg */,
				CE20E33D137848BE00BFE4A6 /* 时尚大理石电视柜5.jpg */,
				CE20E33E137848BE00BFE4A6 /* 时尚大理石电视柜6.jpg */,
				CE20E33F137848BE00BFE4A6 /* 时尚大理石电视柜7.jpg */,
				CE20E340137848BE00BFE4A6 /* 时尚大理石电视柜8.jpg */,
				CE20E341137848BE00BFE4A6 /* 时尚工艺茶几_thumb.jpg */,
				CE20E342137848BE00BFE4A6 /* 时尚工艺茶几1.jpg */,
				CE20E343137848BE00BFE4A6 /* 时尚工艺茶几2.jpg */,
				CE20E344137848BE00BFE4A6 /* 时尚工艺茶几3.jpg */,
				CE20E345137848BE00BFE4A6 /* 时尚工艺茶几4.jpg */,
				CE20E346137848BE00BFE4A6 /* 欧式田园实木床_thumb.jpg */,
				CE20E347137848BE00BFE4A6 /* 欧式田园实木床1.jpg */,
				CE20E348137848BE00BFE4A6 /* 欧式田园实木床2.jpg */,
				CE20E349137848BE00BFE4A6 /* 欧式田园实木床3.jpg */,
				CE20E34A137848BE00BFE4A6 /* 欧式田园实木床4.jpg */,
				CE20E34B137848BE00BFE4A6 /* 欧式田园实木床5.jpg */,
				CE20E34C137848BE00BFE4A6 /* 欧式田园实木床6.jpg */,
				CE20E34D137848BE00BFE4A6 /* 欧式田园实木床7.jpg */,
				CE20E34E137848BE00BFE4A6 /* 欧式田园实木床8.jpg */,
				CE20E34F137848BE00BFE4A6 /* 玻璃烤漆餐桌_thumb.jpg */,
				CE20E350137848BE00BFE4A6 /* 玻璃烤漆餐桌1.jpg */,
				CE20E351137848BE00BFE4A6 /* 玻璃烤漆餐桌2.jpg */,
				CE20E352137848BE00BFE4A6 /* 玻璃烤漆餐桌3.jpg */,
				CE20E353137848BE00BFE4A6 /* 玻璃烤漆餐桌4.jpg */,
				CE20E354137848BE00BFE4A6 /* 玻璃烤漆餐桌5.jpg */,
				CE20E355137848BE00BFE4A6 /* 玻璃烤漆餐桌6.jpg */,
				CE20E356137848BE00BFE4A6 /* 韩式书柜_thumb.jpg */,
				CE20E357137848BE00BFE4A6 /* 韩式书柜1.jpg */,
				CE20E358137848BE00BFE4A6 /* 韩式书柜2.jpg */,
				CE20E359137848BE00BFE4A6 /* 韩式书柜3.jpg */,
				CE20E35A137848BE00BFE4A6 /* 韩式书柜4.jpg */,
				CE20E35B137848BE00BFE4A6 /* 韩式实木三门衣柜_thumb.jpg */,
				CE20E35C137848BE00BFE4A6 /* 韩式实木三门衣柜1.jpg */,
				CE20E35D137848BE00BFE4A6 /* 韩式实木三门衣柜2.jpg */,
				CE20E35E137848BE00BFE4A6 /* 韩式实木三门衣柜3.jpg */,
				CE20E35F137848BE00BFE4A6 /* 韩式田园沙发_thumb.jpg */,
				CE20E360137848BE00BFE4A6 /* 韩式田园沙发1.jpg */,
				CE20E361137848BE00BFE4A6 /* 韩式田园沙发2.jpg */,
				CE20E362137848BE00BFE4A6 /* 韩式田园沙发3.jpg */,
				CE20E363137848BE00BFE4A6 /* 韩式田园沙发4.jpg */,
				CE20E364137848BE00BFE4A6 /* 韩式田园沙发5.jpg */,
				CE20E365137848BE00BFE4A6 /* 韩式简易布衣柜_thumb.jpg */,
				CE20E366137848BE00BFE4A6 /* 韩式简易布衣柜1.jpg */,
				CE20E367137848BE00BFE4A6 /* 韩式简易布衣柜2.gif */,
				CE20E368137848BE00BFE4A6 /* 韩式简易布衣柜3.jpg */,
				CE20E369137848BE00BFE4A6 /* 韩式简易布衣柜4.jpg */,
				CE20E36A137848BE00BFE4A6 /* 韩式简易布衣柜5.jpg */,
				CE20E36B137848BE00BFE4A6 /* 韩式简易布衣柜6.jpg */,
				CE20E36C137848BE00BFE4A6 /* 韩菲尔双人床_thumb.jpg */,
				CE20E36D137848BE00BFE4A6 /* 韩菲尔双人床1.jpg */,
				CE20E36E137848BE00BFE4A6 /* 韩菲尔双人床2.jpg */,
				CE20E36F137848BE00BFE4A6 /* 韩菲尔双人床3.jpg */,
				CE20E370137848BE00BFE4A6 /* 韩菲尔双人床4.jpg */,
				CE20E371137848BE00BFE4A6 /* 韩菲尔双人床5.jpg */,
				CE20E372137848BE00BFE4A6 /* 韩菲尔双人床6.jpg */,
				CE20E373137848BE00BFE4A6 /* 韩菲尔双人床7.jpg */,
				CE20E374137848BE00BFE4A6 /* 韩菲尔双人床8.jpg */,
			);
			path = furniture_pic;
			sourceTree = "<group>";
		};
		CE20E3C513784BA800BFE4A6 /* thumbs */ = {
			isa = PBXGroup;
			children = (
			);
			name = thumbs;
			sourceTree = "<group>";
		};
		CE2F92D5136DD7D0002B9B31 /* Resources */ = {
			isa = PBXGroup;
			children = (
				CE321D2013770EF30015CBC5 /* ScrollView */,
				CE2F9307136DD835002B9B31 /* Resources */,
				CE2F92D6136DD80F002B9B31 /* Images */,
			);
			name = Resources;
			sourceTree = "<group>";
		};
		CE2F92D6136DD80F002B9B31 /* Images */ = {
			isa = PBXGroup;
			children = (
				CE20E3C513784BA800BFE4A6 /* thumbs */,
				CE20E325137848BE00BFE4A6 /* furniture_pic */,
			);
			path = Images;
			sourceTree = "<group>";
		};
		CE2F9307136DD835002B9B31 /* Resources */ = {
			isa = PBXGroup;
			children = (
				CE2F9308136DD835002B9B31 /* AQGridSelection.png */,
				CE2F9309136DD835002B9B31 /* AQGridSelectionGray.png */,
				CE2F930A136DD835002B9B31 /* AQGridSelectionGrayBlue.png */,
				CE2F930B136DD835002B9B31 /* AQGridSelectionGreen.png */,
				CE2F930C136DD835002B9B31 /* AQGridSelectionRed.png */,
			);
			path = Resources;
			sourceTree = "<group>";
		};
		CE321D2013770EF30015CBC5 /* ScrollView */ = {
			isa = PBXGroup;
			children = (
				CE321D2113770F260015CBC5 /* image0.jpg */,
				CE321D2213770F260015CBC5 /* image1.jpg */,
				CE321D2313770F260015CBC5 /* image2.jpg */,
				CE321D2413770F260015CBC5 /* image3.jpg */,
				CE321D2513770F260015CBC5 /* image4.jpg */,
				CE321D2613770F260015CBC5 /* image5.jpg */,
			);
			name = ScrollView;
			sourceTree = "<group>";
		};
		CE744998136D2D1600A3EF68 = {
			isa = PBXGroup;
			children = (
				CE7449AD136D2D1700A3EF68 /* Classes */,
				CE2F92D5136DD7D0002B9B31 /* Resources */,
				CE7449A6136D2D1700A3EF68 /* Frameworks */,
				CE7449A4136D2D1700A3EF68 /* Products */,
			);
			sourceTree = "<group>";
		};
		CE7449A4136D2D1700A3EF68 /* Products */ = {
			isa = PBXGroup;
			children = (
				CE7449A3136D2D1700A3EF68 /* yyy.app */,
			);
			name = Products;
			sourceTree = "<group>";
		};
		CE7449A6136D2D1700A3EF68 /* Frameworks */ = {
			isa = PBXGroup;
			children = (
				CE744A06136D333600A3EF68 /* QuartzCore.framework */,
				CE7449A7136D2D1700A3EF68 /* UIKit.framework */,
				CE7449A9136D2D1700A3EF68 /* Foundation.framework */,
				CE7449AB136D2D1700A3EF68 /* CoreGraphics.framework */,
			);
			name = Frameworks;
			sourceTree = "<group>";
		};
		CE7449AD136D2D1700A3EF68 /* Classes */ = {
			isa = PBXGroup;
			children = (
				CE321D101376D1130015CBC5 /* ScrollViewViewController.xib */,
				CE321D0C1376CFBE0015CBC5 /* ScrollViewViewController.h */,
				CE321D0D1376CFBE0015CBC5 /* ScrollViewViewController.m */,
				CE361263136E5F9F0070347E /* LanguageListController.h */,
				CE361264136E5F9F0070347E /* LanguageListController.m */,
				CE7449B6136D2D1700A3EF68 /* yyyAppDelegate.h */,
				CE7449B7136D2D1700A3EF68 /* yyyAppDelegate.m */,
				CE7449B9136D2D1700A3EF68 /* MainWindow.xib */,
				CE7449BC136D2D1700A3EF68 /* yyyViewController.h */,
				CE7449BD136D2D1700A3EF68 /* yyyViewController.m */,
				CE7449BF136D2D1700A3EF68 /* yyyViewController.xib */,
				CE7449F9136D2FB400A3EF68 /* ImageDemoCellChooser.h */,
				CE7449FA136D2FB400A3EF68 /* ImageDemoCellChooser.m */,
				CE7449FB136D2FB400A3EF68 /* ImageDemoFilledCell.h */,
				CE7449FC136D2FB400A3EF68 /* ImageDemoFilledCell.m */,
				CE7449FD136D2FB400A3EF68 /* ImageDemoGridViewCell.h */,
				CE7449FE136D2FB400A3EF68 /* ImageDemoGridViewCell.m */,
				CE7449C7136D2E4900A3EF68 /* AQGridView */,
				CE7449AE136D2D1700A3EF68 /* Supporting Files */,
			);
			name = Classes;
			path = yyy;
			sourceTree = "<group>";
		};
		CE7449AE136D2D1700A3EF68 /* Supporting Files */ = {
			isa = PBXGroup;
			children = (
				CE7449AF136D2D1700A3EF68 /* yyy-Info.plist */,
				CE7449B0136D2D1700A3EF68 /* InfoPlist.strings */,
				CE7449B3136D2D1700A3EF68 /* yyy-Prefix.pch */,
				CE7449B4136D2D1700A3EF68 /* main.m */,
			);
			name = "Supporting Files";
			sourceTree = "<group>";
		};
		CE7449C7136D2E4900A3EF68 /* AQGridView */ = {
			isa = PBXGroup;
			children = (
				CE7449C8136D2E4900A3EF68 /* AQGridView+CellLayout.h */,
				CE7449C9136D2E4900A3EF68 /* AQGridView+CellLocationDelegation.h */,
				CE7449CA136D2E4900A3EF68 /* AQGridView.h */,
				CE7449CB136D2E4900A3EF68 /* AQGridView.m */,
				CE7449CC136D2E4900A3EF68 /* AQGridViewAnimatorItem.h */,
				CE7449CD136D2E4900A3EF68 /* AQGridViewAnimatorItem.m */,
				CE7449CE136D2E4900A3EF68 /* AQGridViewCell+AQGridViewCellPrivate.h */,
				CE7449CF136D2E4900A3EF68 /* AQGridViewCell.h */,
				CE7449D0136D2E4900A3EF68 /* AQGridViewCell.m */,
				CE7449D1136D2E4900A3EF68 /* AQGridViewController.h */,
				CE7449D2136D2E4900A3EF68 /* AQGridViewController.m */,
				CE7449D3136D2E4900A3EF68 /* AQGridViewData.h */,
				CE7449D4136D2E4900A3EF68 /* AQGridViewData.m */,
				CE7449D5136D2E4900A3EF68 /* AQGridViewUpdateInfo.h */,
				CE7449D6136D2E4900A3EF68 /* AQGridViewUpdateInfo.m */,
				CE7449D7136D2E4900A3EF68 /* AQGridViewUpdateItem.h */,
				CE7449D8136D2E4900A3EF68 /* AQGridViewUpdateItem.m */,
				CE7449D9136D2E4900A3EF68 /* NSIndexSet+AQIndexesOutsideSet.h */,
				CE7449DA136D2E4900A3EF68 /* NSIndexSet+AQIndexesOutsideSet.m */,
				CE7449DB136D2E4900A3EF68 /* NSIndexSet+AQIsSetContiguous.h */,
				CE7449DC136D2E4900A3EF68 /* NSIndexSet+AQIsSetContiguous.m */,
				CE7449DD136D2E4900A3EF68 /* UIColor+AQGridView.h */,
				CE7449DE136D2E4900A3EF68 /* UIColor+AQGridView.m */,
			);
			name = AQGridView;
			path = Classes;
			sourceTree = "<group>";
		};
/* End PBXGroup section */

/* Begin PBXNativeTarget section */
		CE7449A2136D2D1700A3EF68 /* yyy */ = {
			isa = PBXNativeTarget;
			buildConfigurationList = CE7449C4136D2D1700A3EF68 /* Build configuration list for PBXNativeTarget "yyy" */;
			buildPhases = (
				CE74499F136D2D1700A3EF68 /* Sources */,
				CE7449A0136D2D1700A3EF68 /* Frameworks */,
				CE7449A1136D2D1700A3EF68 /* Resources */,
			);
			buildRules = (
			);
			dependencies = (
			);
			name = yyy;
			productName = yyy;
			productReference = CE7449A3136D2D1700A3EF68 /* yyy.app */;
			productType = "com.apple.product-type.application";
		};
/* End PBXNativeTarget section */

/* Begin PBXProject section */
		CE74499A136D2D1600A3EF68 /* Project object */ = {
			isa = PBXProject;
			buildConfigurationList = CE74499D136D2D1600A3EF68 /* Build configuration list for PBXProject "yyy" */;
			compatibilityVersion = "Xcode 3.2";
			developmentRegion = English;
			hasScannedForEncodings = 0;
			knownRegions = (
				en,
			);
			mainGroup = CE744998136D2D1600A3EF68;
			productRefGroup = CE7449A4136D2D1700A3EF68 /* Products */;
			projectDirPath = "";
			projectRoot = "";
			targets = (
				CE7449A2136D2D1700A3EF68 /* yyy */,
			);
		};
/* End PBXProject section */

/* Begin PBXResourcesBuildPhase section */
		CE7449A1136D2D1700A3EF68 /* Resources */ = {
			isa = PBXResourcesBuildPhase;
			buildActionMask = 2147483647;
			files = (
				CE7449B2136D2D1700A3EF68 /* InfoPlist.strings in Resources */,
				CE7449BB136D2D1700A3EF68 /* MainWindow.xib in Resources */,
				CE7449C1136D2D1700A3EF68 /* yyyViewController.xib in Resources */,
				CE2F930D136DD835002B9B31 /* AQGridSelection.png in Resources */,
				CE2F930E136DD835002B9B31 /* AQGridSelectionGray.png in Resources */,
				CE2F930F136DD835002B9B31 /* AQGridSelectionGrayBlue.png in Resources */,
				CE2F9310136DD835002B9B31 /* AQGridSelectionGreen.png in Resources */,
				CE2F9311136DD835002B9B31 /* AQGridSelectionRed.png in Resources */,
				CE321D111376D1130015CBC5 /* ScrollViewViewController.xib in Resources */,
				CE321D2713770F260015CBC5 /* image0.jpg in Resources */,
				CE321D2813770F260015CBC5 /* image1.jpg in Resources */,
				CE321D2913770F260015CBC5 /* image2.jpg in Resources */,
				CE321D2A13770F260015CBC5 /* image3.jpg in Resources */,
				CE321D2B13770F260015CBC5 /* image4.jpg in Resources */,
				CE321D2C13770F260015CBC5 /* image5.jpg in Resources */,
				CE20E375137848BE00BFE4A6 /* 俄罗斯松木沙发_thumb.jpg in Resources */,
				CE20E376137848BE00BFE4A6 /* 俄罗斯松木沙发1.jpg in Resources */,
				CE20E377137848BE00BFE4A6 /* 俄罗斯松木沙发2.jpg in Resources */,
				CE20E378137848BE00BFE4A6 /* 俄罗斯松木沙发3.jpg in Resources */,
				CE20E379137848BE00BFE4A6 /* 俄罗斯松木沙发4.jpg in Resources */,
				CE20E37A137848BE00BFE4A6 /* 俄罗斯松木沙发5.jpg in Resources */,
				CE20E37B137848BE00BFE4A6 /* 俄罗斯松木沙发6.jpg in Resources */,
				CE20E37C137848BE00BFE4A6 /* 俄罗斯松木沙发7.jpg in Resources */,
				CE20E37D137848BE00BFE4A6 /* 实木床_thumb.jpg in Resources */,
				CE20E37E137848BE00BFE4A6 /* 实木床1.jpg in Resources */,
				CE20E37F137848BE00BFE4A6 /* 实木床2.jpg in Resources */,
				CE20E380137848BE00BFE4A6 /* 实木床3.jpg in Resources */,
				CE20E381137848BE00BFE4A6 /* 实木床4.jpg in Resources */,
				CE20E382137848BE00BFE4A6 /* 实木床5.jpg in Resources */,
				CE20E383137848BE00BFE4A6 /* 实木床6.jpg in Resources */,
				CE20E384137848BE00BFE4A6 /* 实木床7.jpg in Resources */,
				CE20E385137848BE00BFE4A6 /* 实木床8.jpg in Resources */,
				CE20E386137848BE00BFE4A6 /* 实木床9.jpg in Resources */,
				CE20E387137848BE00BFE4A6 /* 时尚大理石电视柜_thumb.jpg in Resources */,
				CE20E388137848BE00BFE4A6 /* 时尚大理石电视柜1.jpg in Resources */,
				CE20E389137848BE00BFE4A6 /* 时尚大理石电视柜2.jpg in Resources */,
				CE20E38A137848BE00BFE4A6 /* 时尚大理石电视柜3.jpg in Resources */,
				CE20E38B137848BE00BFE4A6 /* 时尚大理石电视柜4.jpg in Resources */,
				CE20E38C137848BE00BFE4A6 /* 时尚大理石电视柜5.jpg in Resources */,
				CE20E38D137848BE00BFE4A6 /* 时尚大理石电视柜6.jpg in Resources */,
				CE20E38E137848BE00BFE4A6 /* 时尚大理石电视柜7.jpg in Resources */,
				CE20E38F137848BE00BFE4A6 /* 时尚大理石电视柜8.jpg in Resources */,
				CE20E390137848BE00BFE4A6 /* 时尚工艺茶几_thumb.jpg in Resources */,
				CE20E391137848BE00BFE4A6 /* 时尚工艺茶几1.jpg in Resources */,
				CE20E392137848BE00BFE4A6 /* 时尚工艺茶几2.jpg in Resources */,
				CE20E393137848BE00BFE4A6 /* 时尚工艺茶几3.jpg in Resources */,
				CE20E394137848BE00BFE4A6 /* 时尚工艺茶几4.jpg in Resources */,
				CE20E395137848BE00BFE4A6 /* 欧式田园实木床_thumb.jpg in Resources */,
				CE20E396137848BE00BFE4A6 /* 欧式田园实木床1.jpg in Resources */,
				CE20E397137848BE00BFE4A6 /* 欧式田园实木床2.jpg in Resources */,
				CE20E398137848BE00BFE4A6 /* 欧式田园实木床3.jpg in Resources */,
				CE20E399137848BE00BFE4A6 /* 欧式田园实木床4.jpg in Resources */,
				CE20E39A137848BE00BFE4A6 /* 欧式田园实木床5.jpg in Resources */,
				CE20E39B137848BE00BFE4A6 /* 欧式田园实木床6.jpg in Resources */,
				CE20E39C137848BE00BFE4A6 /* 欧式田园实木床7.jpg in Resources */,
				CE20E39D137848BE00BFE4A6 /* 欧式田园实木床8.jpg in Resources */,
				CE20E39E137848BE00BFE4A6 /* 玻璃烤漆餐桌_thumb.jpg in Resources */,
				CE20E39F137848BE00BFE4A6 /* 玻璃烤漆餐桌1.jpg in Resources */,
				CE20E3A0137848BE00BFE4A6 /* 玻璃烤漆餐桌2.jpg in Resources */,
				CE20E3A1137848BE00BFE4A6 /* 玻璃烤漆餐桌3.jpg in Resources */,
				CE20E3A2137848BE00BFE4A6 /* 玻璃烤漆餐桌4.jpg in Resources */,
				CE20E3A3137848BE00BFE4A6 /* 玻璃烤漆餐桌5.jpg in Resources */,
				CE20E3A4137848BE00BFE4A6 /* 玻璃烤漆餐桌6.jpg in Resources */,
				CE20E3A5137848BE00BFE4A6 /* 韩式书柜_thumb.jpg in Resources */,
				CE20E3A6137848BE00BFE4A6 /* 韩式书柜1.jpg in Resources */,
				CE20E3A7137848BE00BFE4A6 /* 韩式书柜2.jpg in Resources */,
				CE20E3A8137848BE00BFE4A6 /* 韩式书柜3.jpg in Resources */,
				CE20E3A9137848BE00BFE4A6 /* 韩式书柜4.jpg in Resources */,
				CE20E3AA137848BE00BFE4A6 /* 韩式实木三门衣柜_thumb.jpg in Resources */,
				CE20E3AB137848BE00BFE4A6 /* 韩式实木三门衣柜1.jpg in Resources */,
				CE20E3AC137848BE00BFE4A6 /* 韩式实木三门衣柜2.jpg in Resources */,
				CE20E3AD137848BE00BFE4A6 /* 韩式实木三门衣柜3.jpg in Resources */,
				CE20E3AE137848BE00BFE4A6 /* 韩式田园沙发_thumb.jpg in Resources */,
				CE20E3AF137848BE00BFE4A6 /* 韩式田园沙发1.jpg in Resources */,
				CE20E3B0137848BE00BFE4A6 /* 韩式田园沙发2.jpg in Resources */,
				CE20E3B1137848BE00BFE4A6 /* 韩式田园沙发3.jpg in Resources */,
				CE20E3B2137848BE00BFE4A6 /* 韩式田园沙发4.jpg in Resources */,
				CE20E3B3137848BE00BFE4A6 /* 韩式田园沙发5.jpg in Resources */,
				CE20E3B4137848BE00BFE4A6 /* 韩式简易布衣柜_thumb.jpg in Resources */,
				CE20E3B5137848BE00BFE4A6 /* 韩式简易布衣柜1.jpg in Resources */,
				CE20E3B6137848BE00BFE4A6 /* 韩式简易布衣柜2.gif in Resources */,
				CE20E3B7137848BE00BFE4A6 /* 韩式简易布衣柜3.jpg in Resources */,
				CE20E3B8137848BE00BFE4A6 /* 韩式简易布衣柜4.jpg in Resources */,
				CE20E3B9137848BE00BFE4A6 /* 韩式简易布衣柜5.jpg in Resources */,
				CE20E3BA137848BE00BFE4A6 /* 韩式简易布衣柜6.jpg in Resources */,
				CE20E3BB137848BE00BFE4A6 /* 韩菲尔双人床_thumb.jpg in Resources */,
				CE20E3BC137848BE00BFE4A6 /* 韩菲尔双人床1.jpg in Resources */,
				CE20E3BD137848BE00BFE4A6 /* 韩菲尔双人床2.jpg in Resources */,
				CE20E3BE137848BE00BFE4A6 /* 韩菲尔双人床3.jpg in Resources */,
				CE20E3BF137848BE00BFE4A6 /* 韩菲尔双人床4.jpg in Resources */,
				CE20E3C0137848BE00BFE4A6 /* 韩菲尔双人床5.jpg in Resources */,
				CE20E3C1137848BE00BFE4A6 /* 韩菲尔双人床6.jpg in Resources */,
				CE20E3C2137848BE00BFE4A6 /* 韩菲尔双人床7.jpg in Resources */,
				CE20E3C3137848BE00BFE4A6 /* 韩菲尔双人床8.jpg in Resources */,
			);
			runOnlyForDeploymentPostprocessing = 0;
		};
/* End PBXResourcesBuildPhase section */

/* Begin PBXSourcesBuildPhase section */
		CE74499F136D2D1700A3EF68 /* Sources */ = {
			isa = PBXSourcesBuildPhase;
			buildActionMask = 2147483647;
			files = (
				CE7449B5136D2D1700A3EF68 /* main.m in Sources */,
				CE7449B8136D2D1700A3EF68 /* yyyAppDelegate.m in Sources */,
				CE7449BE136D2D1700A3EF68 /* yyyViewController.m in Sources */,
				CE7449DF136D2E4900A3EF68 /* AQGridView.m in Sources */,
				CE7449E0136D2E4900A3EF68 /* AQGridViewAnimatorItem.m in Sources */,
				CE7449E1136D2E4900A3EF68 /* AQGridViewCell.m in Sources */,
				CE7449E2136D2E4900A3EF68 /* AQGridViewController.m in Sources */,
				CE7449E3136D2E4900A3EF68 /* AQGridViewData.m in Sources */,
				CE7449E4136D2E4900A3EF68 /* AQGridViewUpdateInfo.m in Sources */,
				CE7449E5136D2E4900A3EF68 /* AQGridViewUpdateItem.m in Sources */,
				CE7449E6136D2E4900A3EF68 /* NSIndexSet+AQIndexesOutsideSet.m in Sources */,
				CE7449E7136D2E4900A3EF68 /* NSIndexSet+AQIsSetContiguous.m in Sources */,
				CE7449E8136D2E4900A3EF68 /* UIColor+AQGridView.m in Sources */,
				CE744A02136D2FB400A3EF68 /* ImageDemoCellChooser.m in Sources */,
				CE744A03136D2FB400A3EF68 /* ImageDemoFilledCell.m in Sources */,
				CE744A04136D2FB400A3EF68 /* ImageDemoGridViewCell.m in Sources */,
				CE361265136E5F9F0070347E /* LanguageListController.m in Sources */,
				CE321D0E1376CFBE0015CBC5 /* ScrollViewViewController.m in Sources */,
			);
			runOnlyForDeploymentPostprocessing = 0;
		};
/* End PBXSourcesBuildPhase section */

/* Begin PBXVariantGroup section */
		CE7449B0136D2D1700A3EF68 /* InfoPlist.strings */ = {
			isa = PBXVariantGroup;
			children = (
				CE7449B1136D2D1700A3EF68 /* en */,
			);
			name = InfoPlist.strings;
			sourceTree = "<group>";
		};
		CE7449B9136D2D1700A3EF68 /* MainWindow.xib */ = {
			isa = PBXVariantGroup;
			children = (
				CE7449BA136D2D1700A3EF68 /* en */,
			);
			name = MainWindow.xib;
			sourceTree = "<group>";
		};
		CE7449BF136D2D1700A3EF68 /* yyyViewController.xib */ = {
			isa = PBXVariantGroup;
			children = (
				CE7449C0136D2D1700A3EF68 /* en */,
			);
			name = yyyViewController.xib;
			sourceTree = "<group>";
		};
/* End PBXVariantGroup section */

/* Begin XCBuildConfiguration section */
		CE7449C2136D2D1700A3EF68 /* Debug */ = {
			isa = XCBuildConfiguration;
			buildSettings = {
				ARCHS = "$(ARCHS_UNIVERSAL_IPHONE_OS)";
				"CODE_SIGN_IDENTITY[sdk=iphoneos*]" = "iPhone Developer";
				GCC_C_LANGUAGE_STANDARD = gnu99;
				GCC_OPTIMIZATION_LEVEL = 0;
				GCC_PREPROCESSOR_DEFINITIONS = DEBUG;
				GCC_SYMBOLS_PRIVATE_EXTERN = NO;
				GCC_VERSION = com.apple.compilers.llvmgcc42;
				GCC_WARN_ABOUT_RETURN_TYPE = YES;
				GCC_WARN_UNUSED_VARIABLE = YES;
				IPHONEOS_DEPLOYMENT_TARGET = 4.3;
				SDKROOT = iphoneos;
				TARGETED_DEVICE_FAMILY = 2;
			};
			name = Debug;
		};
		CE7449C3136D2D1700A3EF68 /* Release */ = {
			isa = XCBuildConfiguration;
			buildSettings = {
				ARCHS = "$(ARCHS_UNIVERSAL_IPHONE_OS)";
				"CODE_SIGN_IDENTITY[sdk=iphoneos*]" = "iPhone Developer";
				GCC_C_LANGUAGE_STANDARD = gnu99;
				GCC_VERSION = com.apple.compilers.llvmgcc42;
				GCC_WARN_ABOUT_RETURN_TYPE = YES;
				GCC_WARN_UNUSED_VARIABLE = YES;
				IPHONEOS_DEPLOYMENT_TARGET = 4.3;
				OTHER_CFLAGS = "-DNS_BLOCK_ASSERTIONS=1";
				SDKROOT = iphoneos;
				TARGETED_DEVICE_FAMILY = 2;
			};
			name = Release;
		};
		CE7449C5136D2D1700A3EF68 /* Debug */ = {
			isa = XCBuildConfiguration;
			buildSettings = {
				ALWAYS_SEARCH_USER_PATHS = NO;
				CODE_SIGN_IDENTITY = "iPhone Developer";
				COPY_PHASE_STRIP = NO;
				GCC_DYNAMIC_NO_PIC = NO;
				GCC_PRECOMPILE_PREFIX_HEADER = YES;
				GCC_PREFIX_HEADER = "yyy/yyy-Prefix.pch";
				INFOPLIST_FILE = "yyy/yyy-Info.plist";
				PRODUCT_NAME = "$(TARGET_NAME)";
				PROVISIONING_PROFILE = "";
				WRAPPER_EXTENSION = app;
			};
			name = Debug;
		};
		CE7449C6136D2D1700A3EF68 /* Release */ = {
			isa = XCBuildConfiguration;
			buildSettings = {
				ALWAYS_SEARCH_USER_PATHS = NO;
				CODE_SIGN_IDENTITY = "iPhone Developer";
				COPY_PHASE_STRIP = YES;
				GCC_PRECOMPILE_PREFIX_HEADER = YES;
				GCC_PREFIX_HEADER = "yyy/yyy-Prefix.pch";
				INFOPLIST_FILE = "yyy/yyy-Info.plist";
				PRODUCT_NAME = "$(TARGET_NAME)";
				PROVISIONING_PROFILE = "";
				VALIDATE_PRODUCT = YES;
				WRAPPER_EXTENSION = app;
			};
			name = Release;
		};
/* End XCBuildConfiguration section */

/* Begin XCConfigurationList section */
		CE74499D136D2D1600A3EF68 /* Build configuration list for PBXProject "yyy" */ = {
			isa = XCConfigurationList;
			buildConfigurations = (
				CE7449C2136D2D1700A3EF68 /* Debug */,
				CE7449C3136D2D1700A3EF68 /* Release */,
			);
			defaultConfigurationIsVisible = 0;
			defaultConfigurationName = Release;
		};
		CE7449C4136D2D1700A3EF68 /* Build configuration list for PBXNativeTarget "yyy" */ = {
			isa = XCConfigurationList;
			buildConfigurations = (
				CE7449C5136D2D1700A3EF68 /* Debug */,
				CE7449C6136D2D1700A3EF68 /* Release */,
			);
			defaultConfigurationIsVisible = 0;
			defaultConfigurationName = Release;
		};
/* End XCConfigurationList section */
	};
	rootObject = CE74499A136D2D1600A3EF68 /* Project object */;
}
